// !$*UTF8*$!
{
	archiveVersion = 1;
	classes = {
	};
	objectVersion = 48;
	objects = {

/* Begin PBXBuildFile section */
		B34006BC20B332F200AF115A /* GlobalQueueManager.m in Sources */ = {isa = PBXBuildFile; fileRef = B34006BA20B332F200AF115A /* GlobalQueueManager.m */; };
		B34006BE20B33E9A00AF115A /* scanAndBag.jpg in Resources */ = {isa = PBXBuildFile; fileRef = B34006BD20B33E9A00AF115A /* scanAndBag.jpg */; };
		B35526FB1FE86B7500A4AC91 /* CoreBluetooth.framework in Frameworks */ = {isa = PBXBuildFile; fileRef = B35526FA1FE86B7500A4AC91 /* CoreBluetooth.framework */; };
		B35526FD1FE86B7D00A4AC91 /* ExternalAccessory.framework in Frameworks */ = {isa = PBXBuildFile; fileRef = B35526FC1FE86B7D00A4AC91 /* ExternalAccessory.framework */; };
		B35FD1F223E36A0200FE37E2 /* PrinterInfo.m in Sources */ = {isa = PBXBuildFile; fileRef = B35FD1EC23E36A0200FE37E2 /* PrinterInfo.m */; };
		B35FD1F323E36A0200FE37E2 /* PrinterInfo+Builder.m in Sources */ = {isa = PBXBuildFile; fileRef = B35FD1F023E36A0200FE37E2 /* PrinterInfo+Builder.m */; };
		B35FD1F423E36A0200FE37E2 /* ModelCapability.m in Sources */ = {isa = PBXBuildFile; fileRef = B35FD1F123E36A0200FE37E2 /* ModelCapability.m */; };
		B387114F1FCE0399006269C9 /* AppDelegate.m in Sources */ = {isa = PBXBuildFile; fileRef = B387114E1FCE0399006269C9 /* AppDelegate.m */; };
		B38711521FCE0399006269C9 /* ViewController.m in Sources */ = {isa = PBXBuildFile; fileRef = B38711511FCE0399006269C9 /* ViewController.m */; };
		B38711551FCE0399006269C9 /* Main.storyboard in Resources */ = {isa = PBXBuildFile; fileRef = B38711531FCE0399006269C9 /* Main.storyboard */; };
		B38711571FCE0399006269C9 /* Assets.xcassets in Resources */ = {isa = PBXBuildFile; fileRef = B38711561FCE0399006269C9 /* Assets.xcassets */; };
		B387115A1FCE0399006269C9 /* LaunchScreen.storyboard in Resources */ = {isa = PBXBuildFile; fileRef = B38711581FCE0399006269C9 /* LaunchScreen.storyboard */; };
		B387115D1FCE0399006269C9 /* main.m in Sources */ = {isa = PBXBuildFile; fileRef = B387115C1FCE0399006269C9 /* main.m */; };
		B38711831FCE4971006269C9 /* starLogoLarge.jpg in Resources */ = {isa = PBXBuildFile; fileRef = B38711821FCE4971006269C9 /* starLogoLarge.jpg */; };
		B3AAFA3C2410490A00FF6C77 /* CommunicationResult.m in Sources */ = {isa = PBXBuildFile; fileRef = B3AAFA382410490900FF6C77 /* CommunicationResult.m */; };
		B3AAFA3F2410498F00FF6C77 /* StarMgsIO.framework in Frameworks */ = {isa = PBXBuildFile; fileRef = B3AAFA3E2410498F00FF6C77 /* StarMgsIO.framework */; };
		B3B24FED20BF4E1C00B468C3 /* afghan_sour_kush.png in Resources */ = {isa = PBXBuildFile; fileRef = B3B24FEC20BF4E1C00B468C3 /* afghan_sour_kush.png */; };
		B3DFACA6251513A600BC325F /* Communication.m in Sources */ = {isa = PBXBuildFile; fileRef = B3DFACA4251513A600BC325F /* Communication.m */; };
		B3EAF35223731772008337DF /* mCollection.jpg in Resources */ = {isa = PBXBuildFile; fileRef = B3EAF35123731772008337DF /* mCollection.jpg */; };
		B3FDE44F236CB19D002B0699 /* StarIO.framework in Frameworks */ = {isa = PBXBuildFile; fileRef = B3FDE44D236CB19D002B0699 /* StarIO.framework */; };
		B3FDE450236CB19D002B0699 /* StarIO_Extension.framework in Frameworks */ = {isa = PBXBuildFile; fileRef = B3FDE44E236CB19D002B0699 /* StarIO_Extension.framework */; };
/* End PBXBuildFile section */

/* Begin PBXFileReference section */
		B34006BA20B332F200AF115A /* GlobalQueueManager.m */ = {isa = PBXFileReference; fileEncoding = 4; lastKnownFileType = sourcecode.c.objc; path = GlobalQueueManager.m; sourceTree = "<group>"; };
		B34006BB20B332F200AF115A /* GlobalQueueManager.h */ = {isa = PBXFileReference; fileEncoding = 4; lastKnownFileType = sourcecode.c.h; path = GlobalQueueManager.h; sourceTree = "<group>"; };
		B34006BD20B33E9A00AF115A /* scanAndBag.jpg */ = {isa = PBXFileReference; lastKnownFileType = image.jpeg; path = scanAndBag.jpg; sourceTree = "<group>"; };
		B35526FA1FE86B7500A4AC91 /* CoreBluetooth.framework */ = {isa = PBXFileReference; lastKnownFileType = wrapper.framework; name = CoreBluetooth.framework; path = System/Library/Frameworks/CoreBluetooth.framework; sourceTree = SDKROOT; };
		B35526FC1FE86B7D00A4AC91 /* ExternalAccessory.framework */ = {isa = PBXFileReference; lastKnownFileType = wrapper.framework; name = ExternalAccessory.framework; path = System/Library/Frameworks/ExternalAccessory.framework; sourceTree = SDKROOT; };
		B35FD1EC23E36A0200FE37E2 /* PrinterInfo.m */ = {isa = PBXFileReference; fileEncoding = 4; lastKnownFileType = sourcecode.c.objc; path = PrinterInfo.m; sourceTree = "<group>"; };
		B35FD1ED23E36A0200FE37E2 /* PrinterInfo+Builder.h */ = {isa = PBXFileReference; fileEncoding = 4; lastKnownFileType = sourcecode.c.h; path = "PrinterInfo+Builder.h"; sourceTree = "<group>"; };
		B35FD1EE23E36A0200FE37E2 /* ModelCapability.h */ = {isa = PBXFileReference; fileEncoding = 4; lastKnownFileType = sourcecode.c.h; path = ModelCapability.h; sourceTree = "<group>"; };
		B35FD1EF23E36A0200FE37E2 /* PrinterInfo.h */ = {isa = PBXFileReference; fileEncoding = 4; lastKnownFileType = sourcecode.c.h; path = PrinterInfo.h; sourceTree = "<group>"; };
		B35FD1F023E36A0200FE37E2 /* PrinterInfo+Builder.m */ = {isa = PBXFileReference; fileEncoding = 4; lastKnownFileType = sourcecode.c.objc; path = "PrinterInfo+Builder.m"; sourceTree = "<group>"; };
		B35FD1F123E36A0200FE37E2 /* ModelCapability.m */ = {isa = PBXFileReference; fileEncoding = 4; lastKnownFileType = sourcecode.c.objc; path = ModelCapability.m; sourceTree = "<group>"; };
		B387114A1FCE0399006269C9 /* mCollection.app */ = {isa = PBXFileReference; explicitFileType = wrapper.application; includeInIndex = 0; path = mCollection.app; sourceTree = BUILT_PRODUCTS_DIR; };
		B387114D1FCE0399006269C9 /* AppDelegate.h */ = {isa = PBXFileReference; lastKnownFileType = sourcecode.c.h; path = AppDelegate.h; sourceTree = "<group>"; };
		B387114E1FCE0399006269C9 /* AppDelegate.m */ = {isa = PBXFileReference; lastKnownFileType = sourcecode.c.objc; path = AppDelegate.m; sourceTree = "<group>"; };
		B38711501FCE0399006269C9 /* ViewController.h */ = {isa = PBXFileReference; lastKnownFileType = sourcecode.c.h; path = ViewController.h; sourceTree = "<group>"; };
		B38711511FCE0399006269C9 /* ViewController.m */ = {isa = PBXFileReference; lastKnownFileType = sourcecode.c.objc; path = ViewController.m; sourceTree = "<group>"; };
		B38711541FCE0399006269C9 /* Base */ = {isa = PBXFileReference; lastKnownFileType = file.storyboard; name = Base; path = Base.lproj/Main.storyboard; sourceTree = "<group>"; };
		B38711561FCE0399006269C9 /* Assets.xcassets */ = {isa = PBXFileReference; lastKnownFileType = folder.assetcatalog; path = Assets.xcassets; sourceTree = "<group>"; };
		B38711591FCE0399006269C9 /* Base */ = {isa = PBXFileReference; lastKnownFileType = file.storyboard; name = Base; path = Base.lproj/LaunchScreen.storyboard; sourceTree = "<group>"; };
		B387115B1FCE0399006269C9 /* Info.plist */ = {isa = PBXFileReference; lastKnownFileType = text.plist.xml; path = Info.plist; sourceTree = "<group>"; };
		B387115C1FCE0399006269C9 /* main.m */ = {isa = PBXFileReference; lastKnownFileType = sourcecode.c.objc; path = main.m; sourceTree = "<group>"; };
		B38711821FCE4971006269C9 /* starLogoLarge.jpg */ = {isa = PBXFileReference; lastKnownFileType = image.jpeg; path = starLogoLarge.jpg; sourceTree = "<group>"; };
		B3AAFA382410490900FF6C77 /* CommunicationResult.m */ = {isa = PBXFileReference; fileEncoding = 4; lastKnownFileType = sourcecode.c.objc; path = CommunicationResult.m; sourceTree = "<group>"; };
		B3AAFA392410490900FF6C77 /* CommunicationResult.h */ = {isa = PBXFileReference; fileEncoding = 4; lastKnownFileType = sourcecode.c.h; path = CommunicationResult.h; sourceTree = "<group>"; };
		B3AAFA3E2410498F00FF6C77 /* StarMgsIO.framework */ = {isa = PBXFileReference; lastKnownFileType = wrapper.framework; path = StarMgsIO.framework; sourceTree = "<group>"; };
		B3B24FEC20BF4E1C00B468C3 /* afghan_sour_kush.png */ = {isa = PBXFileReference; lastKnownFileType = image.png; path = afghan_sour_kush.png; sourceTree = "<group>"; };
		B3DFACA4251513A600BC325F /* Communication.m */ = {isa = PBXFileReference; fileEncoding = 4; lastKnownFileType = sourcecode.c.objc; path = Communication.m; sourceTree = "<group>"; };
		B3DFACA5251513A600BC325F /* Communication.h */ = {isa = PBXFileReference; fileEncoding = 4; lastKnownFileType = sourcecode.c.h; path = Communication.h; sourceTree = "<group>"; };
		B3EAF35123731772008337DF /* mCollection.jpg */ = {isa = PBXFileReference; lastKnownFileType = image.jpeg; path = mCollection.jpg; sourceTree = "<group>"; };
		B3FDE44D236CB19D002B0699 /* StarIO.framework */ = {isa = PBXFileReference; lastKnownFileType = wrapper.framework; path = StarIO.framework; sourceTree = "<group>"; };
		B3FDE44E236CB19D002B0699 /* StarIO_Extension.framework */ = {isa = PBXFileReference; lastKnownFileType = wrapper.framework; path = StarIO_Extension.framework; sourceTree = "<group>"; };
/* End PBXFileReference section */

/* Begin PBXFrameworksBuildPhase section */
		B38711471FCE0399006269C9 /* Frameworks */ = {
			isa = PBXFrameworksBuildPhase;
			buildActionMask = 2147483647;
			files = (
				B3AAFA3F2410498F00FF6C77 /* StarMgsIO.framework in Frameworks */,
				B35526FD1FE86B7D00A4AC91 /* ExternalAccessory.framework in Frameworks */,
				B3FDE44F236CB19D002B0699 /* StarIO.framework in Frameworks */,
				B35526FB1FE86B7500A4AC91 /* CoreBluetooth.framework in Frameworks */,
				B3FDE450236CB19D002B0699 /* StarIO_Extension.framework in Frameworks */,
			);
			runOnlyForDeploymentPostprocessing = 0;
		};
/* End PBXFrameworksBuildPhase section */

/* Begin PBXGroup section */
		B35526F91FE86B7400A4AC91 /* Frameworks */ = {
			isa = PBXGroup;
			children = (
				B3AAFA3E2410498F00FF6C77 /* StarMgsIO.framework */,
				B3FDE44E236CB19D002B0699 /* StarIO_Extension.framework */,
				B3FDE44D236CB19D002B0699 /* StarIO.framework */,
				B35526FC1FE86B7D00A4AC91 /* ExternalAccessory.framework */,
				B35526FA1FE86B7500A4AC91 /* CoreBluetooth.framework */,
			);
			name = Frameworks;
			sourceTree = "<group>";
		};
		B38711411FCE0399006269C9 = {
			isa = PBXGroup;
			children = (
				B38711811FCE4382006269C9 /* images */,
				B387114C1FCE0399006269C9 /* mCollection */,
				B387114B1FCE0399006269C9 /* Products */,
				B35526F91FE86B7400A4AC91 /* Frameworks */,
			);
			sourceTree = "<group>";
		};
		B387114B1FCE0399006269C9 /* Products */ = {
			isa = PBXGroup;
			children = (
				B387114A1FCE0399006269C9 /* mCollection.app */,
			);
			name = Products;
			sourceTree = "<group>";
		};
		B387114C1FCE0399006269C9 /* mCollection */ = {
			isa = PBXGroup;
			children = (
				B3DFACA5251513A600BC325F /* Communication.h */,
				B3DFACA4251513A600BC325F /* Communication.m */,
				B3AAFA392410490900FF6C77 /* CommunicationResult.h */,
				B3AAFA382410490900FF6C77 /* CommunicationResult.m */,
				B35FD1EE23E36A0200FE37E2 /* ModelCapability.h */,
				B35FD1F123E36A0200FE37E2 /* ModelCapability.m */,
				B35FD1EF23E36A0200FE37E2 /* PrinterInfo.h */,
				B35FD1EC23E36A0200FE37E2 /* PrinterInfo.m */,
				B35FD1ED23E36A0200FE37E2 /* PrinterInfo+Builder.h */,
				B35FD1F023E36A0200FE37E2 /* PrinterInfo+Builder.m */,
				B34006BB20B332F200AF115A /* GlobalQueueManager.h */,
				B34006BA20B332F200AF115A /* GlobalQueueManager.m */,
				B387114D1FCE0399006269C9 /* AppDelegate.h */,
				B387114E1FCE0399006269C9 /* AppDelegate.m */,
				B38711501FCE0399006269C9 /* ViewController.h */,
				B38711511FCE0399006269C9 /* ViewController.m */,
				B38711531FCE0399006269C9 /* Main.storyboard */,
				B38711561FCE0399006269C9 /* Assets.xcassets */,
				B38711581FCE0399006269C9 /* LaunchScreen.storyboard */,
				B387115B1FCE0399006269C9 /* Info.plist */,
				B387115C1FCE0399006269C9 /* main.m */,
			);
			path = mCollection;
			sourceTree = "<group>";
		};
		B38711811FCE4382006269C9 /* images */ = {
			isa = PBXGroup;
			children = (
				B3EAF35123731772008337DF /* mCollection.jpg */,
				B38711821FCE4971006269C9 /* starLogoLarge.jpg */,
				B34006BD20B33E9A00AF115A /* scanAndBag.jpg */,
				B3B24FEC20BF4E1C00B468C3 /* afghan_sour_kush.png */,
			);
			path = images;
			sourceTree = "<group>";
		};
/* End PBXGroup section */

/* Begin PBXNativeTarget section */
		B38711491FCE0399006269C9 /* mCollection */ = {
			isa = PBXNativeTarget;
			buildConfigurationList = B38711761FCE0399006269C9 /* Build configuration list for PBXNativeTarget "mCollection" */;
			buildPhases = (
				B38711461FCE0399006269C9 /* Sources */,
				B38711471FCE0399006269C9 /* Frameworks */,
				B38711481FCE0399006269C9 /* Resources */,
			);
			buildRules = (
			);
			dependencies = (
			);
			name = mCollection;
			productName = mpopGroceryDemo;
			productReference = B387114A1FCE0399006269C9 /* mCollection.app */;
			productType = "com.apple.product-type.application";
		};
/* End PBXNativeTarget section */

/* Begin PBXProject section */
		B38711421FCE0399006269C9 /* Project object */ = {
			isa = PBXProject;
			attributes = {
				LastUpgradeCheck = 0940;
				ORGANIZATIONNAME = "Guillermo Cubero";
				TargetAttributes = {
					B38711491FCE0399006269C9 = {
						CreatedOnToolsVersion = 9.1;
						ProvisioningStyle = Automatic;
						SystemCapabilities = {
							com.apple.Wallet = {
								enabled = 0;
							};
						};
					};
				};
			};
			buildConfigurationList = B38711451FCE0399006269C9 /* Build configuration list for PBXProject "mCollection" */;
			compatibilityVersion = "Xcode 8.0";
			developmentRegion = en;
			hasScannedForEncodings = 0;
			knownRegions = (
				en,
				Base,
			);
			mainGroup = B38711411FCE0399006269C9;
			productRefGroup = B387114B1FCE0399006269C9 /* Products */;
			projectDirPath = "";
			projectRoot = "";
			targets = (
				B38711491FCE0399006269C9 /* mCollection */,
			);
		};
/* End PBXProject section */

/* Begin PBXResourcesBuildPhase section */
		B38711481FCE0399006269C9 /* Resources */ = {
			isa = PBXResourcesBuildPhase;
			buildActionMask = 2147483647;
			files = (
				B387115A1FCE0399006269C9 /* LaunchScreen.storyboard in Resources */,
				B38711571FCE0399006269C9 /* Assets.xcassets in Resources */,
				B34006BE20B33E9A00AF115A /* scanAndBag.jpg in Resources */,
				B38711831FCE4971006269C9 /* starLogoLarge.jpg in Resources */,
				B3B24FED20BF4E1C00B468C3 /* afghan_sour_kush.png in Resources */,
				B3EAF35223731772008337DF /* mCollection.jpg in Resources */,
				B38711551FCE0399006269C9 /* Main.storyboard in Resources */,
			);
			runOnlyForDeploymentPostprocessing = 0;
		};
/* End PBXResourcesBuildPhase section */

/* Begin PBXSourcesBuildPhase section */
		B38711461FCE0399006269C9 /* Sources */ = {
			isa = PBXSourcesBuildPhase;
			buildActionMask = 2147483647;
			files = (
				B35FD1F323E36A0200FE37E2 /* PrinterInfo+Builder.m in Sources */,
				B35FD1F223E36A0200FE37E2 /* PrinterInfo.m in Sources */,
				B3AAFA3C2410490A00FF6C77 /* CommunicationResult.m in Sources */,
				B38711521FCE0399006269C9 /* ViewController.m in Sources */,
				B387115D1FCE0399006269C9 /* main.m in Sources */,
				B387114F1FCE0399006269C9 /* AppDelegate.m in Sources */,
				B34006BC20B332F200AF115A /* GlobalQueueManager.m in Sources */,
				B35FD1F423E36A0200FE37E2 /* ModelCapability.m in Sources */,
				B3DFACA6251513A600BC325F /* Communication.m in Sources */,
			);
			runOnlyForDeploymentPostprocessing = 0;
		};
/* End PBXSourcesBuildPhase section */

/* Begin PBXVariantGroup section */
		B38711531FCE0399006269C9 /* Main.storyboard */ = {
			isa = PBXVariantGroup;
			children = (
				B38711541FCE0399006269C9 /* Base */,
			);
			name = Main.storyboard;
			sourceTree = "<group>";
		};
		B38711581FCE0399006269C9 /* LaunchScreen.storyboard */ = {
			isa = PBXVariantGroup;
			children = (
				B38711591FCE0399006269C9 /* Base */,
			);
			name = LaunchScreen.storyboard;
			sourceTree = "<group>";
		};
/* End PBXVariantGroup section */

/* Begin XCBuildConfiguration section */
		B38711741FCE0399006269C9 /* Debug */ = {
			isa = XCBuildConfiguration;
			buildSettings = {
				ALWAYS_SEARCH_USER_PATHS = NO;
				CLANG_ANALYZER_NONNULL = YES;
				CLANG_ANALYZER_NUMBER_OBJECT_CONVERSION = YES_AGGRESSIVE;
				CLANG_CXX_LANGUAGE_STANDARD = "gnu++14";
				CLANG_CXX_LIBRARY = "libc++";
				CLANG_ENABLE_MODULES = YES;
				CLANG_ENABLE_OBJC_ARC = YES;
				CLANG_WARN_BLOCK_CAPTURE_AUTORELEASING = YES;
				CLANG_WARN_BOOL_CONVERSION = YES;
				CLANG_WARN_COMMA = YES;
				CLANG_WARN_CONSTANT_CONVERSION = YES;
				CLANG_WARN_DEPRECATED_OBJC_IMPLEMENTATIONS = YES;
				CLANG_WARN_DIRECT_OBJC_ISA_USAGE = YES_ERROR;
				CLANG_WARN_DOCUMENTATION_COMMENTS = YES;
				CLANG_WARN_EMPTY_BODY = YES;
				CLANG_WARN_ENUM_CONVERSION = YES;
				CLANG_WARN_INFINITE_RECURSION = YES;
				CLANG_WARN_INT_CONVERSION = YES;
				CLANG_WARN_NON_LITERAL_NULL_CONVERSION = YES;
				CLANG_WARN_OBJC_IMPLICIT_RETAIN_SELF = YES;
				CLANG_WARN_OBJC_LITERAL_CONVERSION = YES;
				CLANG_WARN_OBJC_ROOT_CLASS = YES_ERROR;
				CLANG_WARN_RANGE_LOOP_ANALYSIS = YES;
				CLANG_WARN_STRICT_PROTOTYPES = YES;
				CLANG_WARN_SUSPICIOUS_MOVE = YES;
				CLANG_WARN_UNGUARDED_AVAILABILITY = YES_AGGRESSIVE;
				CLANG_WARN_UNREACHABLE_CODE = YES;
				CLANG_WARN__DUPLICATE_METHOD_MATCH = YES;
				CODE_SIGN_IDENTITY = "iPhone Developer";
				COPY_PHASE_STRIP = NO;
				DEBUG_INFORMATION_FORMAT = dwarf;
				ENABLE_STRICT_OBJC_MSGSEND = YES;
				ENABLE_TESTABILITY = YES;
				GCC_C_LANGUAGE_STANDARD = gnu11;
				GCC_DYNAMIC_NO_PIC = NO;
				GCC_NO_COMMON_BLOCKS = YES;
				GCC_OPTIMIZATION_LEVEL = 0;
				GCC_PREPROCESSOR_DEFINITIONS = (
					"DEBUG=1",
					"$(inherited)",
				);
				GCC_WARN_64_TO_32_BIT_CONVERSION = YES;
				GCC_WARN_ABOUT_RETURN_TYPE = YES_ERROR;
				GCC_WARN_UNDECLARED_SELECTOR = YES;
				GCC_WARN_UNINITIALIZED_AUTOS = YES_AGGRESSIVE;
				GCC_WARN_UNUSED_FUNCTION = YES;
				GCC_WARN_UNUSED_VARIABLE = YES;
				IPHONEOS_DEPLOYMENT_TARGET = 11.1;
				MTL_ENABLE_DEBUG_INFO = YES;
				ONLY_ACTIVE_ARCH = YES;
				SDKROOT = iphoneos;
			};
			name = Debug;
		};
		B38711751FCE0399006269C9 /* Release */ = {
			isa = XCBuildConfiguration;
			buildSettings = {
				ALWAYS_SEARCH_USER_PATHS = NO;
				CLANG_ANALYZER_NONNULL = YES;
				CLANG_ANALYZER_NUMBER_OBJECT_CONVERSION = YES_AGGRESSIVE;
				CLANG_CXX_LANGUAGE_STANDARD = "gnu++14";
				CLANG_CXX_LIBRARY = "libc++";
				CLANG_ENABLE_MODULES = YES;
				CLANG_ENABLE_OBJC_ARC = YES;
				CLANG_WARN_BLOCK_CAPTURE_AUTORELEASING = YES;
				CLANG_WARN_BOOL_CONVERSION = YES;
				CLANG_WARN_COMMA = YES;
				CLANG_WARN_CONSTANT_CONVERSION = YES;
				CLANG_WARN_DEPRECATED_OBJC_IMPLEMENTATIONS = YES;
				CLANG_WARN_DIRECT_OBJC_ISA_USAGE = YES_ERROR;
				CLANG_WARN_DOCUMENTATION_COMMENTS = YES;
				CLANG_WARN_EMPTY_BODY = YES;
				CLANG_WARN_ENUM_CONVERSION = YES;
				CLANG_WARN_INFINITE_RECURSION = YES;
				CLANG_WARN_INT_CONVERSION = YES;
				CLANG_WARN_NON_LITERAL_NULL_CONVERSION = YES;
				CLANG_WARN_OBJC_IMPLICIT_RETAIN_SELF = YES;
				CLANG_WARN_OBJC_LITERAL_CONVERSION = YES;
				CLANG_WARN_OBJC_ROOT_CLASS = YES_ERROR;
				CLANG_WARN_RANGE_LOOP_ANALYSIS = YES;
				CLANG_WARN_STRICT_PROTOTYPES = YES;
				CLANG_WARN_SUSPICIOUS_MOVE = YES;
				CLANG_WARN_UNGUARDED_AVAILABILITY = YES_AGGRESSIVE;
				CLANG_WARN_UNREACHABLE_CODE = YES;
				CLANG_WARN__DUPLICATE_METHOD_MATCH = YES;
				CODE_SIGN_IDENTITY = "iPhone Developer";
				COPY_PHASE_STRIP = NO;
				DEBUG_INFORMATION_FORMAT = "dwarf-with-dsym";
				ENABLE_NS_ASSERTIONS = NO;
				ENABLE_STRICT_OBJC_MSGSEND = YES;
				GCC_C_LANGUAGE_STANDARD = gnu11;
				GCC_NO_COMMON_BLOCKS = YES;
				GCC_WARN_64_TO_32_BIT_CONVERSION = YES;
				GCC_WARN_ABOUT_RETURN_TYPE = YES_ERROR;
				GCC_WARN_UNDECLARED_SELECTOR = YES;
				GCC_WARN_UNINITIALIZED_AUTOS = YES_AGGRESSIVE;
				GCC_WARN_UNUSED_FUNCTION = YES;
				GCC_WARN_UNUSED_VARIABLE = YES;
				IPHONEOS_DEPLOYMENT_TARGET = 11.1;
				MTL_ENABLE_DEBUG_INFO = NO;
				SDKROOT = iphoneos;
				VALIDATE_PRODUCT = YES;
			};
			name = Release;
		};
		B38711771FCE0399006269C9 /* Debug */ = {
			isa = XCBuildConfiguration;
			buildSettings = {
				ASSETCATALOG_COMPILER_APPICON_NAME = AppIcon;
				CODE_SIGN_IDENTITY = "iPhone Developer";
				"CODE_SIGN_IDENTITY[sdk=iphoneos*]" = "iPhone Developer";
				CODE_SIGN_STYLE = Automatic;
				DEVELOPMENT_TEAM = GREXQXP335;
				ENABLE_BITCODE = NO;
				FRAMEWORK_SEARCH_PATHS = (
					"$(inherited)",
					"$(PROJECT_DIR)",
				);
				INFOPLIST_FILE = "$(SRCROOT)/mCollection/Info.plist";
				IPHONEOS_DEPLOYMENT_TARGET = 9.0;
				LD_RUNPATH_SEARCH_PATHS = "$(inherited) @executable_path/Frameworks";
				MARKETING_VERSION = 1.2;
				PRODUCT_BUNDLE_IDENTIFIER = com.starmicronics.mCollection;
				PRODUCT_NAME = mCollection;
				PROVISIONING_PROFILE_SPECIFIER = "";
				TARGETED_DEVICE_FAMILY = 2;
			};
			name = Debug;
		};
		B38711781FCE0399006269C9 /* Release */ = {
			isa = XCBuildConfiguration;
			buildSettings = {
				ASSETCATALOG_COMPILER_APPICON_NAME = AppIcon;
				CODE_SIGN_IDENTITY = "iPhone Developer";
				"CODE_SIGN_IDENTITY[sdk=iphoneos*]" = "iPhone Developer";
				CODE_SIGN_STYLE = Automatic;
				DEVELOPMENT_TEAM = GREXQXP335;
				ENABLE_BITCODE = NO;
				FRAMEWORK_SEARCH_PATHS = (
					"$(inherited)",
					"$(PROJECT_DIR)",
				);
				INFOPLIST_FILE = "$(SRCROOT)/mCollection/Info.plist";
				IPHONEOS_DEPLOYMENT_TARGET = 9.0;
				LD_RUNPATH_SEARCH_PATHS = "$(inherited) @executable_path/Frameworks";
				MARKETING_VERSION = 1.2;
				PRODUCT_BUNDLE_IDENTIFIER = com.starmicronics.mCollection;
				PRODUCT_NAME = mCollection;
				PROVISIONING_PROFILE_SPECIFIER = "";
				TARGETED_DEVICE_FAMILY = 2;
			};
			name = Release;
		};
/* End XCBuildConfiguration section */

/* Begin XCConfigurationList section */
		B38711451FCE0399006269C9 /* Build configuration list for PBXProject "mCollection" */ = {
			isa = XCConfigurationList;
			buildConfigurations = (
				B38711741FCE0399006269C9 /* Debug */,
				B38711751FCE0399006269C9 /* Release */,
			);
			defaultConfigurationIsVisible = 0;
			defaultConfigurationName = Release;
		};
		B38711761FCE0399006269C9 /* Build configuration list for PBXNativeTarget "mCollection" */ = {
			isa = XCConfigurationList;
			buildConfigurations = (
				B38711771FCE0399006269C9 /* Debug */,
				B38711781FCE0399006269C9 /* Release */,
			);
			defaultConfigurationIsVisible = 0;
			defaultConfigurationName = Release;
		};
/* End XCConfigurationList section */
	};
	rootObject = B38711421FCE0399006269C9 /* Project object */;
}
